
Microsoft Visual Studio Solution File, Format Version 12.00
# Visual Studio 15
VisualStudioVersion = 15.0.27004.2002
MinimumVisualStudioVersion = 10.0.40219.1
Project("{FAE04EC0-301F-11D3-BF4B-00C04F79EFBC}") = "PharmacyProApi", "PharmacyProApi\PharmacyProApi.csproj", "{26E55CEF-0255-4350-9E0A-D18A22C68D88}"
EndProject
Project("{FAE04EC0-301F-11D3-BF4B-00C04F79EFBC}") = "PharmacyProApi.Core.BusinessLogic", "PharmacyProApi.Core.BusinessLogic\PharmacyProApi.Core.BusinessLogic.csproj", "{9017E307-6A0F-46DF-B82A-A0415E221946}"
EndProject
Project("{FAE04EC0-301F-11D3-BF4B-00C04F79EFBC}") = "PharmacyProApi.Core.Models", "PharmacyProApi.Core.Models\PharmacyProApi.Core.Models.csproj", "{E6990CEA-241A-4C06-ADE6-B51BBBF54F03}"
EndProject
Project("{FAE04EC0-301F-11D3-BF4B-00C04F79EFBC}") = "PharmacyProApi.Core.Repository", "PharmacyProApi.Core.Repository\PharmacyProApi.Core.Repository.csproj", "{07ABF0BA-4E37-4020-8A99-CA6F35CF9FD2}"
EndProject
Project("{FAE04EC0-301F-11D3-BF4B-00C04F79EFBC}") = "PharmacyProApi.Core.Interfaces", "PharmacyProApi.Core.Interfaces\PharmacyProApi.Core.Interfaces.csproj", "{1F36F25D-2091-46BB-88D8-410110FCEF09}"
EndProject
Project("{FAE04EC0-301F-11D3-BF4B-00C04F79EFBC}") = "PharmacyProApi.Core.Results", "PharmacyProApi.Core.Results\PharmacyProApi.Core.Results.csproj", "{45A59D2B-110E-4722-A43C-661548718B97}"
EndProject
Project("{FAE04EC0-301F-11D3-BF4B-00C04F79EFBC}") = "PharmacyProApi.Core.Types", "PharmacyProApi.Core.Types\PharmacyProApi.Core.Types.csproj", "{68B381BC-125C-46B1-851F-E5465F19D844}"
EndProject
Global
	GlobalSection(SolutionConfigurationPlatforms) = preSolution
		Debug|Any CPU = Debug|Any CPU
		Release|Any CPU = Release|Any CPU
	EndGlobalSection
	GlobalSection(ProjectConfigurationPlatforms) = postSolution
		{26E55CEF-0255-4350-9E0A-D18A22C68D88}.Debug|Any CPU.ActiveCfg = Debug|Any CPU
		{26E55CEF-0255-4350-9E0A-D18A22C68D88}.Debug|Any CPU.Build.0 = Debug|Any CPU
		{26E55CEF-0255-4350-9E0A-D18A22C68D88}.Release|Any CPU.ActiveCfg = Release|Any CPU
		{26E55CEF-0255-4350-9E0A-D18A22C68D88}.Release|Any CPU.Build.0 = Release|Any CPU
		{9017E307-6A0F-46DF-B82A-A0415E221946}.Debug|Any CPU.ActiveCfg = Debug|Any CPU
		{9017E307-6A0F-46DF-B82A-A0415E221946}.Debug|Any CPU.Build.0 = Debug|Any CPU
		{9017E307-6A0F-46DF-B82A-A0415E221946}.Release|Any CPU.ActiveCfg = Release|Any CPU
		{9017E307-6A0F-46DF-B82A-A0415E221946}.Release|Any CPU.Build.0 = Release|Any CPU
		{E6990CEA-241A-4C06-ADE6-B51BBBF54F03}.Debug|Any CPU.ActiveCfg = Debug|Any CPU
		{E6990CEA-241A-4C06-ADE6-B51BBBF54F03}.Debug|Any CPU.Build.0 = Debug|Any CPU
		{E6990CEA-241A-4C06-ADE6-B51BBBF54F03}.Release|Any CPU.ActiveCfg = Release|Any CPU
		{E6990CEA-241A-4C06-ADE6-B51BBBF54F03}.Release|Any CPU.Build.0 = Release|Any CPU
		{07ABF0BA-4E37-4020-8A99-CA6F35CF9FD2}.Debug|Any CPU.ActiveCfg = Debug|Any CPU
		{07ABF0BA-4E37-4020-8A99-CA6F35CF9FD2}.Debug|Any CPU.Build.0 = Debug|Any CPU
		{07ABF0BA-4E37-4020-8A99-CA6F35CF9FD2}.Release|Any CPU.ActiveCfg = Release|Any CPU
		{07ABF0BA-4E37-4020-8A99-CA6F35CF9FD2}.Release|Any CPU.Build.0 = Release|Any CPU
		{1F36F25D-2091-46BB-88D8-410110FCEF09}.Debug|Any CPU.ActiveCfg = Debug|Any CPU
		{1F36F25D-2091-46BB-88D8-410110FCEF09}.Debug|Any CPU.Build.0 = Debug|Any CPU
		{1F36F25D-2091-46BB-88D8-410110FCEF09}.Release|Any CPU.ActiveCfg = Release|Any CPU
		{1F36F25D-2091-46BB-88D8-410110FCEF09}.Release|Any CPU.Build.0 = Release|Any CPU
		{45A59D2B-110E-4722-A43C-661548718B97}.Debug|Any CPU.ActiveCfg = Debug|Any CPU
		{45A59D2B-110E-4722-A43C-661548718B97}.Debug|Any CPU.Build.0 = Debug|Any CPU
		{45A59D2B-110E-4722-A43C-661548718B97}.Release|Any CPU.ActiveCfg = Release|Any CPU
		{45A59D2B-110E-4722-A43C-661548718B97}.Release|Any CPU.Build.0 = Release|Any CPU
		{68B381BC-125C-46B1-851F-E5465F19D844}.Debug|Any CPU.ActiveCfg = Debug|Any CPU
		{68B381BC-125C-46B1-851F-E5465F19D844}.Debug|Any CPU.Build.0 = Debug|Any CPU
		{68B381BC-125C-46B1-851F-E5465F19D844}.Release|Any CPU.ActiveCfg = Release|Any CPU
		{68B381BC-125C-46B1-851F-E5465F19D844}.Release|Any CPU.Build.0 = Release|Any CPU
	EndGlobalSection
	GlobalSection(SolutionProperties) = preSolution
		HideSolutionNode = FALSE
	EndGlobalSection
	GlobalSection(ExtensibilityGlobals) = postSolution
		SolutionGuid = {1D69E019-DDE0-400C-9E5E-D791C92B7BDC}
	EndGlobalSection
EndGlobal
